// !$*UTF8*$!
{
	archiveVersion = 1;
	classes = {
	};
	objectVersion = 46;
	objects = {

/* Begin PBXBuildFile section */
		09300EB8140513EF0003E97E /* NSObject+SBJson.m in Sources */ = {isa = PBXBuildFile; fileRef = 09300EA0140513EF0003E97E /* NSObject+SBJson.m */; };
		09300EB9140513EF0003E97E /* SBJsonParser.m in Sources */ = {isa = PBXBuildFile; fileRef = 09300EA3140513EF0003E97E /* SBJsonParser.m */; };
		09300EBA140513EF0003E97E /* SBJsonStreamParser.m in Sources */ = {isa = PBXBuildFile; fileRef = 09300EA5140513EF0003E97E /* SBJsonStreamParser.m */; };
		09300EBB140513EF0003E97E /* SBJsonStreamParserAccumulator.m in Sources */ = {isa = PBXBuildFile; fileRef = 09300EA7140513EF0003E97E /* SBJsonStreamParserAccumulator.m */; };
		09300EBC140513EF0003E97E /* SBJsonStreamParserAdapter.m in Sources */ = {isa = PBXBuildFile; fileRef = 09300EA9140513EF0003E97E /* SBJsonStreamParserAdapter.m */; };
		09300EBD140513EF0003E97E /* SBJsonStreamParserState.m in Sources */ = {isa = PBXBuildFile; fileRef = 09300EAB140513EF0003E97E /* SBJsonStreamParserState.m */; };
		09300EBE140513EF0003E97E /* SBJsonStreamWriter.m in Sources */ = {isa = PBXBuildFile; fileRef = 09300EAD140513EF0003E97E /* SBJsonStreamWriter.m */; };
		09300EBF140513EF0003E97E /* SBJsonStreamWriterAccumulator.m in Sources */ = {isa = PBXBuildFile; fileRef = 09300EAF140513EF0003E97E /* SBJsonStreamWriterAccumulator.m */; };
		09300EC0140513EF0003E97E /* SBJsonStreamWriterState.m in Sources */ = {isa = PBXBuildFile; fileRef = 09300EB1140513EF0003E97E /* SBJsonStreamWriterState.m */; };
		09300EC1140513EF0003E97E /* SBJsonTokeniser.m in Sources */ = {isa = PBXBuildFile; fileRef = 09300EB3140513EF0003E97E /* SBJsonTokeniser.m */; };
		09300EC2140513EF0003E97E /* SBJsonUTF8Stream.m in Sources */ = {isa = PBXBuildFile; fileRef = 09300EB5140513EF0003E97E /* SBJsonUTF8Stream.m */; };
		09300EC3140513EF0003E97E /* SBJsonWriter.m in Sources */ = {isa = PBXBuildFile; fileRef = 09300EB7140513EF0003E97E /* SBJsonWriter.m */; };
		09658C941402663F00391CD3 /* RecordViewController.m in Sources */ = {isa = PBXBuildFile; fileRef = 09658C921402663F00391CD3 /* RecordViewController.m */; };
		09658C951402663F00391CD3 /* RecordView.xib in Resources */ = {isa = PBXBuildFile; fileRef = 09658C931402663F00391CD3 /* RecordView.xib */; };
		09658CB4140380F500391CD3 /* ListViewController.m in Sources */ = {isa = PBXBuildFile; fileRef = 09658CB2140380F500391CD3 /* ListViewController.m */; };
		09658CB5140380F500391CD3 /* ListView.xib in Resources */ = {isa = PBXBuildFile; fileRef = 09658CB3140380F500391CD3 /* ListView.xib */; };
		09658CDF1403905E00391CD3 /* MobileCoreServices.framework in Frameworks */ = {isa = PBXBuildFile; fileRef = 09658CDE1403905E00391CD3 /* MobileCoreServices.framework */; };
		09658D2C1403A6F000391CD3 /* Film-Roll.png in Resources */ = {isa = PBXBuildFile; fileRef = 09658D2B1403A6F000391CD3 /* Film-Roll.png */; };
		09658D2E1403B13100391CD3 /* Monitor.png in Resources */ = {isa = PBXBuildFile; fileRef = 09658D2D1403B13100391CD3 /* Monitor.png */; };
		0C490F3C141FB63500515978 /* Facebook.m in Sources */ = {isa = PBXBuildFile; fileRef = 0C490F33141FB63500515978 /* Facebook.m */; };
		0C490F3D141FB63500515978 /* FBDialog.bundle in Resources */ = {isa = PBXBuildFile; fileRef = 0C490F35141FB63500515978 /* FBDialog.bundle */; };
		0C490F3E141FB63500515978 /* FBDialog.m in Sources */ = {isa = PBXBuildFile; fileRef = 0C490F37141FB63500515978 /* FBDialog.m */; };
		0C490F3F141FB63500515978 /* FBLoginDialog.m in Sources */ = {isa = PBXBuildFile; fileRef = 0C490F39141FB63500515978 /* FBLoginDialog.m */; };
		0C490F40141FB63500515978 /* FBRequest.m in Sources */ = {isa = PBXBuildFile; fileRef = 0C490F3B141FB63500515978 /* FBRequest.m */; };
		0C57B5381416EF730097CA83 /* ASIAuthenticationDialog.m in Sources */ = {isa = PBXBuildFile; fileRef = 0C57B4E71416EF720097CA83 /* ASIAuthenticationDialog.m */; };
		0C57B5391416EF730097CA83 /* ASIDataCompressor.m in Sources */ = {isa = PBXBuildFile; fileRef = 0C57B4EA1416EF720097CA83 /* ASIDataCompressor.m */; };
		0C57B53A1416EF730097CA83 /* ASIDataDecompressor.m in Sources */ = {isa = PBXBuildFile; fileRef = 0C57B4EC1416EF720097CA83 /* ASIDataDecompressor.m */; };
		0C57B53B1416EF730097CA83 /* ASIDownloadCache.m in Sources */ = {isa = PBXBuildFile; fileRef = 0C57B4EE1416EF720097CA83 /* ASIDownloadCache.m */; };
		0C57B53C1416EF730097CA83 /* ASIFormDataRequest.m in Sources */ = {isa = PBXBuildFile; fileRef = 0C57B4F01416EF720097CA83 /* ASIFormDataRequest.m */; };
		0C57B53D1416EF730097CA83 /* ASIHTTPRequest.m in Sources */ = {isa = PBXBuildFile; fileRef = 0C57B4F21416EF720097CA83 /* ASIHTTPRequest.m */; };
		0C57B53E1416EF730097CA83 /* ASIInputStream.m in Sources */ = {isa = PBXBuildFile; fileRef = 0C57B4F61416EF720097CA83 /* ASIInputStream.m */; };
		0C57B53F1416EF730097CA83 /* ASINetworkQueue.m in Sources */ = {isa = PBXBuildFile; fileRef = 0C57B4F81416EF720097CA83 /* ASINetworkQueue.m */; };
		0C57B5401416EF730097CA83 /* ASIWebPageRequest.m in Sources */ = {isa = PBXBuildFile; fileRef = 0C57B4FC1416EF730097CA83 /* ASIWebPageRequest.m */; };
		0C57B5411416EF730097CA83 /* ASICloudFilesCDNRequest.m in Sources */ = {isa = PBXBuildFile; fileRef = 0C57B4FF1416EF730097CA83 /* ASICloudFilesCDNRequest.m */; };
		0C57B5421416EF730097CA83 /* ASICloudFilesContainer.m in Sources */ = {isa = PBXBuildFile; fileRef = 0C57B5011416EF730097CA83 /* ASICloudFilesContainer.m */; };
		0C57B5431416EF730097CA83 /* ASICloudFilesContainerRequest.m in Sources */ = {isa = PBXBuildFile; fileRef = 0C57B5031416EF730097CA83 /* ASICloudFilesContainerRequest.m */; };
		0C57B5441416EF730097CA83 /* ASICloudFilesContainerXMLParserDelegate.m in Sources */ = {isa = PBXBuildFile; fileRef = 0C57B5051416EF730097CA83 /* ASICloudFilesContainerXMLParserDelegate.m */; };
		0C57B5451416EF730097CA83 /* ASICloudFilesObject.m in Sources */ = {isa = PBXBuildFile; fileRef = 0C57B5071416EF730097CA83 /* ASICloudFilesObject.m */; };
		0C57B5461416EF730097CA83 /* ASICloudFilesObjectRequest.m in Sources */ = {isa = PBXBuildFile; fileRef = 0C57B5091416EF730097CA83 /* ASICloudFilesObjectRequest.m */; };
		0C57B5471416EF730097CA83 /* ASICloudFilesRequest.m in Sources */ = {isa = PBXBuildFile; fileRef = 0C57B50B1416EF730097CA83 /* ASICloudFilesRequest.m */; };
		0C57B5481416EF730097CA83 /* ASIS3Bucket.m in Sources */ = {isa = PBXBuildFile; fileRef = 0C57B50F1416EF730097CA83 /* ASIS3Bucket.m */; };
		0C57B5491416EF730097CA83 /* ASIS3BucketObject.m in Sources */ = {isa = PBXBuildFile; fileRef = 0C57B5111416EF730097CA83 /* ASIS3BucketObject.m */; };
		0C57B54A1416EF730097CA83 /* ASIS3BucketRequest.m in Sources */ = {isa = PBXBuildFile; fileRef = 0C57B5131416EF730097CA83 /* ASIS3BucketRequest.m */; };
		0C57B54B1416EF730097CA83 /* ASIS3ObjectRequest.m in Sources */ = {isa = PBXBuildFile; fileRef = 0C57B5151416EF730097CA83 /* ASIS3ObjectRequest.m */; };
		0C57B54C1416EF730097CA83 /* ASIS3Request.m in Sources */ = {isa = PBXBuildFile; fileRef = 0C57B5171416EF730097CA83 /* ASIS3Request.m */; };
		0C57B54D1416EF730097CA83 /* ASIS3ServiceRequest.m in Sources */ = {isa = PBXBuildFile; fileRef = 0C57B5191416EF730097CA83 /* ASIS3ServiceRequest.m */; };
		0C57B56F1416FA490097CA83 /* MediaPlayer.framework in Frameworks */ = {isa = PBXBuildFile; fileRef = 0C57B56E1416FA490097CA83 /* MediaPlayer.framework */; };
		0C57B58D141701A20097CA83 /* Reachability.m in Sources */ = {isa = PBXBuildFile; fileRef = 0C57B58C141701A20097CA83 /* Reachability.m */; };
		0C57B590141701CC0097CA83 /* CFNetwork.framework in Frameworks */ = {isa = PBXBuildFile; fileRef = 0C57B58F141701CC0097CA83 /* CFNetwork.framework */; };
		0C57B592141701D90097CA83 /* SystemConfiguration.framework in Frameworks */ = {isa = PBXBuildFile; fileRef = 0C57B591141701D90097CA83 /* SystemConfiguration.framework */; };
		0C57B594141701F50097CA83 /* libz.1.2.3.dylib in Frameworks */ = {isa = PBXBuildFile; fileRef = 0C57B593141701F50097CA83 /* libz.1.2.3.dylib */; };
		0C57B59C141720E70097CA83 /* ProgressViewController.m in Sources */ = {isa = PBXBuildFile; fileRef = 0C57B59A141720E70097CA83 /* ProgressViewController.m */; };
		0C57B59D141720E70097CA83 /* ProgressView.xib in Resources */ = {isa = PBXBuildFile; fileRef = 0C57B59B141720E70097CA83 /* ProgressView.xib */; };
		0CAA2627141A635E006F1C1B /* Default@2x.png in Resources */ = {isa = PBXBuildFile; fileRef = 0CAA2626141A635E006F1C1B /* Default@2x.png */; };
		0CAA2628141A6365006F1C1B /* Default.png in Resources */ = {isa = PBXBuildFile; fileRef = 09658CD414038B5600391CD3 /* Default.png */; };
		0CAA262A141A6579006F1C1B /* background_retina.png in Resources */ = {isa = PBXBuildFile; fileRef = 0CAA2629141A6579006F1C1B /* background_retina.png */; };
		0CAA262C141A65A5006F1C1B /* background.png in Resources */ = {isa = PBXBuildFile; fileRef = 0CAA262B141A65A5006F1C1B /* background.png */; };
		0CEB35441418405800BB171A /* hardnight.png in Resources */ = {isa = PBXBuildFile; fileRef = 0CEB35431418405800BB171A /* hardnight.png */; };
		0CEB35461418408A00BB171A /* hardnightsmall.png in Resources */ = {isa = PBXBuildFile; fileRef = 0CEB35451418408A00BB171A /* hardnightsmall.png */; };
		1D3623260D0F684500981E51 /* hybrebAppDelegate.m in Sources */ = {isa = PBXBuildFile; fileRef = 1D3623250D0F684500981E51 /* hybrebAppDelegate.m */; };
		1D60589B0D05DD56006BFB54 /* main.m in Sources */ = {isa = PBXBuildFile; fileRef = 29B97316FDCFA39411CA2CEA /* main.m */; };
		1D60589F0D05DD5A006BFB54 /* Foundation.framework in Frameworks */ = {isa = PBXBuildFile; fileRef = 1D30AB110D05D00D00671497 /* Foundation.framework */; };
		1DF5F4E00D08C38300B7A737 /* UIKit.framework in Frameworks */ = {isa = PBXBuildFile; fileRef = 1DF5F4DF0D08C38300B7A737 /* UIKit.framework */; };
		288765080DF74369002DB57D /* CoreGraphics.framework in Frameworks */ = {isa = PBXBuildFile; fileRef = 288765070DF74369002DB57D /* CoreGraphics.framework */; };
		28AD73880D9D96C1002E5188 /* MainWindow.xib in Resources */ = {isa = PBXBuildFile; fileRef = 28AD73870D9D96C1002E5188 /* MainWindow.xib */; };
/* End PBXBuildFile section */

/* Begin PBXFileReference section */
		09275A971424A8EB004FEA6A /* hartenacht.at.app */ = {isa = PBXFileReference; explicitFileType = wrapper.application; includeInIndex = 0; path = hartenacht.at.app; sourceTree = BUILT_PRODUCTS_DIR; };
		09300E9E140513EF0003E97E /* JSON.h */ = {isa = PBXFileReference; fileEncoding = 4; lastKnownFileType = sourcecode.c.h; path = JSON.h; sourceTree = "<group>"; };
		09300E9F140513EF0003E97E /* NSObject+SBJson.h */ = {isa = PBXFileReference; fileEncoding = 4; lastKnownFileType = sourcecode.c.h; path = "NSObject+SBJson.h"; sourceTree = "<group>"; };
		09300EA0140513EF0003E97E /* NSObject+SBJson.m */ = {isa = PBXFileReference; fileEncoding = 4; lastKnownFileType = sourcecode.c.objc; path = "NSObject+SBJson.m"; sourceTree = "<group>"; };
		09300EA1140513EF0003E97E /* SBJson.h */ = {isa = PBXFileReference; fileEncoding = 4; lastKnownFileType = sourcecode.c.h; path = SBJson.h; sourceTree = "<group>"; };
		09300EA2140513EF0003E97E /* SBJsonParser.h */ = {isa = PBXFileReference; fileEncoding = 4; lastKnownFileType = sourcecode.c.h; path = SBJsonParser.h; sourceTree = "<group>"; };
		09300EA3140513EF0003E97E /* SBJsonParser.m */ = {isa = PBXFileReference; fileEncoding = 4; lastKnownFileType = sourcecode.c.objc; path = SBJsonParser.m; sourceTree = "<group>"; };
		09300EA4140513EF0003E97E /* SBJsonStreamParser.h */ = {isa = PBXFileReference; fileEncoding = 4; lastKnownFileType = sourcecode.c.h; path = SBJsonStreamParser.h; sourceTree = "<group>"; };
		09300EA5140513EF0003E97E /* SBJsonStreamParser.m */ = {isa = PBXFileReference; fileEncoding = 4; lastKnownFileType = sourcecode.c.objc; path = SBJsonStreamParser.m; sourceTree = "<group>"; };
		09300EA6140513EF0003E97E /* SBJsonStreamParserAccumulator.h */ = {isa = PBXFileReference; fileEncoding = 4; lastKnownFileType = sourcecode.c.h; path = SBJsonStreamParserAccumulator.h; sourceTree = "<group>"; };
		09300EA7140513EF0003E97E /* SBJsonStreamParserAccumulator.m */ = {isa = PBXFileReference; fileEncoding = 4; lastKnownFileType = sourcecode.c.objc; path = SBJsonStreamParserAccumulator.m; sourceTree = "<group>"; };
		09300EA8140513EF0003E97E /* SBJsonStreamParserAdapter.h */ = {isa = PBXFileReference; fileEncoding = 4; lastKnownFileType = sourcecode.c.h; path = SBJsonStreamParserAdapter.h; sourceTree = "<group>"; };
		09300EA9140513EF0003E97E /* SBJsonStreamParserAdapter.m */ = {isa = PBXFileReference; fileEncoding = 4; lastKnownFileType = sourcecode.c.objc; path = SBJsonStreamParserAdapter.m; sourceTree = "<group>"; };
		09300EAA140513EF0003E97E /* SBJsonStreamParserState.h */ = {isa = PBXFileReference; fileEncoding = 4; lastKnownFileType = sourcecode.c.h; path = SBJsonStreamParserState.h; sourceTree = "<group>"; };
		09300EAB140513EF0003E97E /* SBJsonStreamParserState.m */ = {isa = PBXFileReference; fileEncoding = 4; lastKnownFileType = sourcecode.c.objc; path = SBJsonStreamParserState.m; sourceTree = "<group>"; };
		09300EAC140513EF0003E97E /* SBJsonStreamWriter.h */ = {isa = PBXFileReference; fileEncoding = 4; lastKnownFileType = sourcecode.c.h; path = SBJsonStreamWriter.h; sourceTree = "<group>"; };
		09300EAD140513EF0003E97E /* SBJsonStreamWriter.m */ = {isa = PBXFileReference; fileEncoding = 4; lastKnownFileType = sourcecode.c.objc; path = SBJsonStreamWriter.m; sourceTree = "<group>"; };
		09300EAE140513EF0003E97E /* SBJsonStreamWriterAccumulator.h */ = {isa = PBXFileReference; fileEncoding = 4; lastKnownFileType = sourcecode.c.h; path = SBJsonStreamWriterAccumulator.h; sourceTree = "<group>"; };
		09300EAF140513EF0003E97E /* SBJsonStreamWriterAccumulator.m */ = {isa = PBXFileReference; fileEncoding = 4; lastKnownFileType = sourcecode.c.objc; path = SBJsonStreamWriterAccumulator.m; sourceTree = "<group>"; };
		09300EB0140513EF0003E97E /* SBJsonStreamWriterState.h */ = {isa = PBXFileReference; fileEncoding = 4; lastKnownFileType = sourcecode.c.h; path = SBJsonStreamWriterState.h; sourceTree = "<group>"; };
		09300EB1140513EF0003E97E /* SBJsonStreamWriterState.m */ = {isa = PBXFileReference; fileEncoding = 4; lastKnownFileType = sourcecode.c.objc; path = SBJsonStreamWriterState.m; sourceTree = "<group>"; };
		09300EB2140513EF0003E97E /* SBJsonTokeniser.h */ = {isa = PBXFileReference; fileEncoding = 4; lastKnownFileType = sourcecode.c.h; path = SBJsonTokeniser.h; sourceTree = "<group>"; };
		09300EB3140513EF0003E97E /* SBJsonTokeniser.m */ = {isa = PBXFileReference; fileEncoding = 4; lastKnownFileType = sourcecode.c.objc; path = SBJsonTokeniser.m; sourceTree = "<group>"; };
		09300EB4140513EF0003E97E /* SBJsonUTF8Stream.h */ = {isa = PBXFileReference; fileEncoding = 4; lastKnownFileType = sourcecode.c.h; path = SBJsonUTF8Stream.h; sourceTree = "<group>"; };
		09300EB5140513EF0003E97E /* SBJsonUTF8Stream.m */ = {isa = PBXFileReference; fileEncoding = 4; lastKnownFileType = sourcecode.c.objc; path = SBJsonUTF8Stream.m; sourceTree = "<group>"; };
		09300EB6140513EF0003E97E /* SBJsonWriter.h */ = {isa = PBXFileReference; fileEncoding = 4; lastKnownFileType = sourcecode.c.h; path = SBJsonWriter.h; sourceTree = "<group>"; };
		09300EB7140513EF0003E97E /* SBJsonWriter.m */ = {isa = PBXFileReference; fileEncoding = 4; lastKnownFileType = sourcecode.c.objc; path = SBJsonWriter.m; sourceTree = "<group>"; };
		09658C911402663F00391CD3 /* RecordViewController.h */ = {isa = PBXFileReference; fileEncoding = 4; lastKnownFileType = sourcecode.c.h; path = RecordViewController.h; sourceTree = "<group>"; };
		09658C921402663F00391CD3 /* RecordViewController.m */ = {isa = PBXFileReference; fileEncoding = 4; lastKnownFileType = sourcecode.c.objc; path = RecordViewController.m; sourceTree = "<group>"; };
		09658C931402663F00391CD3 /* RecordView.xib */ = {isa = PBXFileReference; lastKnownFileType = file.xib; name = RecordView.xib; path = Classes/RecordView.xib; sourceTree = "<group>"; };
		09658CB1140380F500391CD3 /* ListViewController.h */ = {isa = PBXFileReference; fileEncoding = 4; lastKnownFileType = sourcecode.c.h; path = ListViewController.h; sourceTree = "<group>"; };
		09658CB2140380F500391CD3 /* ListViewController.m */ = {isa = PBXFileReference; fileEncoding = 4; lastKnownFileType = sourcecode.c.objc; path = ListViewController.m; sourceTree = "<group>"; };
		09658CB3140380F500391CD3 /* ListView.xib */ = {isa = PBXFileReference; lastKnownFileType = file.xib; name = ListView.xib; path = Classes/ListView.xib; sourceTree = "<group>"; };
		09658CD414038B5600391CD3 /* Default.png */ = {isa = PBXFileReference; lastKnownFileType = image.png; path = Default.png; sourceTree = "<group>"; };
		09658CDE1403905E00391CD3 /* MobileCoreServices.framework */ = {isa = PBXFileReference; lastKnownFileType = wrapper.framework; name = MobileCoreServices.framework; path = System/Library/Frameworks/MobileCoreServices.framework; sourceTree = SDKROOT; };
		09658D2B1403A6F000391CD3 /* Film-Roll.png */ = {isa = PBXFileReference; lastKnownFileType = image.png; path = "Film-Roll.png"; sourceTree = "<group>"; };
		09658D2D1403B13100391CD3 /* Monitor.png */ = {isa = PBXFileReference; lastKnownFileType = image.png; path = Monitor.png; sourceTree = "<group>"; };
		0C490F32141FB63500515978 /* Facebook.h */ = {isa = PBXFileReference; fileEncoding = 4; lastKnownFileType = sourcecode.c.h; path = Facebook.h; sourceTree = "<group>"; };
		0C490F33141FB63500515978 /* Facebook.m */ = {isa = PBXFileReference; fileEncoding = 4; lastKnownFileType = sourcecode.c.objc; path = Facebook.m; sourceTree = "<group>"; };
		0C490F34141FB63500515978 /* FBConnect.h */ = {isa = PBXFileReference; fileEncoding = 4; lastKnownFileType = sourcecode.c.h; path = FBConnect.h; sourceTree = "<group>"; };
		0C490F35141FB63500515978 /* FBDialog.bundle */ = {isa = PBXFileReference; lastKnownFileType = "wrapper.plug-in"; path = FBDialog.bundle; sourceTree = "<group>"; };
		0C490F36141FB63500515978 /* FBDialog.h */ = {isa = PBXFileReference; fileEncoding = 4; lastKnownFileType = sourcecode.c.h; path = FBDialog.h; sourceTree = "<group>"; };
		0C490F37141FB63500515978 /* FBDialog.m */ = {isa = PBXFileReference; fileEncoding = 4; lastKnownFileType = sourcecode.c.objc; path = FBDialog.m; sourceTree = "<group>"; };
		0C490F38141FB63500515978 /* FBLoginDialog.h */ = {isa = PBXFileReference; fileEncoding = 4; lastKnownFileType = sourcecode.c.h; path = FBLoginDialog.h; sourceTree = "<group>"; };
		0C490F39141FB63500515978 /* FBLoginDialog.m */ = {isa = PBXFileReference; fileEncoding = 4; lastKnownFileType = sourcecode.c.objc; path = FBLoginDialog.m; sourceTree = "<group>"; };
		0C490F3A141FB63500515978 /* FBRequest.h */ = {isa = PBXFileReference; fileEncoding = 4; lastKnownFileType = sourcecode.c.h; path = FBRequest.h; sourceTree = "<group>"; };
		0C490F3B141FB63500515978 /* FBRequest.m */ = {isa = PBXFileReference; fileEncoding = 4; lastKnownFileType = sourcecode.c.objc; path = FBRequest.m; sourceTree = "<group>"; };
		0C57B4E61416EF720097CA83 /* ASIAuthenticationDialog.h */ = {isa = PBXFileReference; fileEncoding = 4; lastKnownFileType = sourcecode.c.h; path = ASIAuthenticationDialog.h; sourceTree = "<group>"; };
		0C57B4E71416EF720097CA83 /* ASIAuthenticationDialog.m */ = {isa = PBXFileReference; fileEncoding = 4; lastKnownFileType = sourcecode.c.objc; path = ASIAuthenticationDialog.m; sourceTree = "<group>"; };
		0C57B4E81416EF720097CA83 /* ASICacheDelegate.h */ = {isa = PBXFileReference; fileEncoding = 4; lastKnownFileType = sourcecode.c.h; path = ASICacheDelegate.h; sourceTree = "<group>"; };
		0C57B4E91416EF720097CA83 /* ASIDataCompressor.h */ = {isa = PBXFileReference; fileEncoding = 4; lastKnownFileType = sourcecode.c.h; path = ASIDataCompressor.h; sourceTree = "<group>"; };
		0C57B4EA1416EF720097CA83 /* ASIDataCompressor.m */ = {isa = PBXFileReference; fileEncoding = 4; lastKnownFileType = sourcecode.c.objc; path = ASIDataCompressor.m; sourceTree = "<group>"; };
		0C57B4EB1416EF720097CA83 /* ASIDataDecompressor.h */ = {isa = PBXFileReference; fileEncoding = 4; lastKnownFileType = sourcecode.c.h; path = ASIDataDecompressor.h; sourceTree = "<group>"; };
		0C57B4EC1416EF720097CA83 /* ASIDataDecompressor.m */ = {isa = PBXFileReference; fileEncoding = 4; lastKnownFileType = sourcecode.c.objc; path = ASIDataDecompressor.m; sourceTree = "<group>"; };
		0C57B4ED1416EF720097CA83 /* ASIDownloadCache.h */ = {isa = PBXFileReference; fileEncoding = 4; lastKnownFileType = sourcecode.c.h; path = ASIDownloadCache.h; sourceTree = "<group>"; };
		0C57B4EE1416EF720097CA83 /* ASIDownloadCache.m */ = {isa = PBXFileReference; fileEncoding = 4; lastKnownFileType = sourcecode.c.objc; path = ASIDownloadCache.m; sourceTree = "<group>"; };
		0C57B4EF1416EF720097CA83 /* ASIFormDataRequest.h */ = {isa = PBXFileReference; fileEncoding = 4; lastKnownFileType = sourcecode.c.h; path = ASIFormDataRequest.h; sourceTree = "<group>"; };
		0C57B4F01416EF720097CA83 /* ASIFormDataRequest.m */ = {isa = PBXFileReference; fileEncoding = 4; lastKnownFileType = sourcecode.c.objc; path = ASIFormDataRequest.m; sourceTree = "<group>"; };
		0C57B4F11416EF720097CA83 /* ASIHTTPRequest.h */ = {isa = PBXFileReference; fileEncoding = 4; lastKnownFileType = sourcecode.c.h; path = ASIHTTPRequest.h; sourceTree = "<group>"; };
		0C57B4F21416EF720097CA83 /* ASIHTTPRequest.m */ = {isa = PBXFileReference; fileEncoding = 4; lastKnownFileType = sourcecode.c.objc; path = ASIHTTPRequest.m; sourceTree = "<group>"; };
		0C57B4F31416EF720097CA83 /* ASIHTTPRequestConfig.h */ = {isa = PBXFileReference; fileEncoding = 4; lastKnownFileType = sourcecode.c.h; path = ASIHTTPRequestConfig.h; sourceTree = "<group>"; };
		0C57B4F41416EF720097CA83 /* ASIHTTPRequestDelegate.h */ = {isa = PBXFileReference; fileEncoding = 4; lastKnownFileType = sourcecode.c.h; path = ASIHTTPRequestDelegate.h; sourceTree = "<group>"; };
		0C57B4F51416EF720097CA83 /* ASIInputStream.h */ = {isa = PBXFileReference; fileEncoding = 4; lastKnownFileType = sourcecode.c.h; path = ASIInputStream.h; sourceTree = "<group>"; };
		0C57B4F61416EF720097CA83 /* ASIInputStream.m */ = {isa = PBXFileReference; fileEncoding = 4; lastKnownFileType = sourcecode.c.objc; path = ASIInputStream.m; sourceTree = "<group>"; };
		0C57B4F71416EF720097CA83 /* ASINetworkQueue.h */ = {isa = PBXFileReference; fileEncoding = 4; lastKnownFileType = sourcecode.c.h; path = ASINetworkQueue.h; sourceTree = "<group>"; };
		0C57B4F81416EF720097CA83 /* ASINetworkQueue.m */ = {isa = PBXFileReference; fileEncoding = 4; lastKnownFileType = sourcecode.c.objc; path = ASINetworkQueue.m; sourceTree = "<group>"; };
		0C57B4F91416EF730097CA83 /* ASIProgressDelegate.h */ = {isa = PBXFileReference; fileEncoding = 4; lastKnownFileType = sourcecode.c.h; path = ASIProgressDelegate.h; sourceTree = "<group>"; };
		0C57B4FB1416EF730097CA83 /* ASIWebPageRequest.h */ = {isa = PBXFileReference; fileEncoding = 4; lastKnownFileType = sourcecode.c.h; path = ASIWebPageRequest.h; sourceTree = "<group>"; };
		0C57B4FC1416EF730097CA83 /* ASIWebPageRequest.m */ = {isa = PBXFileReference; fileEncoding = 4; lastKnownFileType = sourcecode.c.objc; path = ASIWebPageRequest.m; sourceTree = "<group>"; };
		0C57B4FE1416EF730097CA83 /* ASICloudFilesCDNRequest.h */ = {isa = PBXFileReference; fileEncoding = 4; lastKnownFileType = sourcecode.c.h; path = ASICloudFilesCDNRequest.h; sourceTree = "<group>"; };
		0C57B4FF1416EF730097CA83 /* ASICloudFilesCDNRequest.m */ = {isa = PBXFileReference; fileEncoding = 4; lastKnownFileType = sourcecode.c.objc; path = ASICloudFilesCDNRequest.m; sourceTree = "<group>"; };
		0C57B5001416EF730097CA83 /* ASICloudFilesContainer.h */ = {isa = PBXFileReference; fileEncoding = 4; lastKnownFileType = sourcecode.c.h; path = ASICloudFilesContainer.h; sourceTree = "<group>"; };
		0C57B5011416EF730097CA83 /* ASICloudFilesContainer.m */ = {isa = PBXFileReference; fileEncoding = 4; lastKnownFileType = sourcecode.c.objc; path = ASICloudFilesContainer.m; sourceTree = "<group>"; };
		0C57B5021416EF730097CA83 /* ASICloudFilesContainerRequest.h */ = {isa = PBXFileReference; fileEncoding = 4; lastKnownFileType = sourcecode.c.h; path = ASICloudFilesContainerRequest.h; sourceTree = "<group>"; };
		0C57B5031416EF730097CA83 /* ASICloudFilesContainerRequest.m */ = {isa = PBXFileReference; fileEncoding = 4; lastKnownFileType = sourcecode.c.objc; path = ASICloudFilesContainerRequest.m; sourceTree = "<group>"; };
		0C57B5041416EF730097CA83 /* ASICloudFilesContainerXMLParserDelegate.h */ = {isa = PBXFileReference; fileEncoding = 4; lastKnownFileType = sourcecode.c.h; path = ASICloudFilesContainerXMLParserDelegate.h; sourceTree = "<group>"; };
		0C57B5051416EF730097CA83 /* ASICloudFilesContainerXMLParserDelegate.m */ = {isa = PBXFileReference; fileEncoding = 4; lastKnownFileType = sourcecode.c.objc; path = ASICloudFilesContainerXMLParserDelegate.m; sourceTree = "<group>"; };
		0C57B5061416EF730097CA83 /* ASICloudFilesObject.h */ = {isa = PBXFileReference; fileEncoding = 4; lastKnownFileType = sourcecode.c.h; path = ASICloudFilesObject.h; sourceTree = "<group>"; };
		0C57B5071416EF730097CA83 /* ASICloudFilesObject.m */ = {isa = PBXFileReference; fileEncoding = 4; lastKnownFileType = sourcecode.c.objc; path = ASICloudFilesObject.m; sourceTree = "<group>"; };
		0C57B5081416EF730097CA83 /* ASICloudFilesObjectRequest.h */ = {isa = PBXFileReference; fileEncoding = 4; lastKnownFileType = sourcecode.c.h; path = ASICloudFilesObjectRequest.h; sourceTree = "<group>"; };
		0C57B5091416EF730097CA83 /* ASICloudFilesObjectRequest.m */ = {isa = PBXFileReference; fileEncoding = 4; lastKnownFileType = sourcecode.c.objc; path = ASICloudFilesObjectRequest.m; sourceTree = "<group>"; };
		0C57B50A1416EF730097CA83 /* ASICloudFilesRequest.h */ = {isa = PBXFileReference; fileEncoding = 4; lastKnownFileType = sourcecode.c.h; path = ASICloudFilesRequest.h; sourceTree = "<group>"; };
		0C57B50B1416EF730097CA83 /* ASICloudFilesRequest.m */ = {isa = PBXFileReference; fileEncoding = 4; lastKnownFileType = sourcecode.c.objc; path = ASICloudFilesRequest.m; sourceTree = "<group>"; };
		0C57B50D1416EF730097CA83 /* ASINSXMLParserCompat.h */ = {isa = PBXFileReference; fileEncoding = 4; lastKnownFileType = sourcecode.c.h; path = ASINSXMLParserCompat.h; sourceTree = "<group>"; };
		0C57B50E1416EF730097CA83 /* ASIS3Bucket.h */ = {isa = PBXFileReference; fileEncoding = 4; lastKnownFileType = sourcecode.c.h; path = ASIS3Bucket.h; sourceTree = "<group>"; };
		0C57B50F1416EF730097CA83 /* ASIS3Bucket.m */ = {isa = PBXFileReference; fileEncoding = 4; lastKnownFileType = sourcecode.c.objc; path = ASIS3Bucket.m; sourceTree = "<group>"; };
		0C57B5101416EF730097CA83 /* ASIS3BucketObject.h */ = {isa = PBXFileReference; fileEncoding = 4; lastKnownFileType = sourcecode.c.h; path = ASIS3BucketObject.h; sourceTree = "<group>"; };
		0C57B5111416EF730097CA83 /* ASIS3BucketObject.m */ = {isa = PBXFileReference; fileEncoding = 4; lastKnownFileType = sourcecode.c.objc; path = ASIS3BucketObject.m; sourceTree = "<group>"; };
		0C57B5121416EF730097CA83 /* ASIS3BucketRequest.h */ = {isa = PBXFileReference; fileEncoding = 4; lastKnownFileType = sourcecode.c.h; path = ASIS3BucketRequest.h; sourceTree = "<group>"; };
		0C57B5131416EF730097CA83 /* ASIS3BucketRequest.m */ = {isa = PBXFileReference; fileEncoding = 4; lastKnownFileType = sourcecode.c.objc; path = ASIS3BucketRequest.m; sourceTree = "<group>"; };
		0C57B5141416EF730097CA83 /* ASIS3ObjectRequest.h */ = {isa = PBXFileReference; fileEncoding = 4; lastKnownFileType = sourcecode.c.h; path = ASIS3ObjectRequest.h; sourceTree = "<group>"; };
		0C57B5151416EF730097CA83 /* ASIS3ObjectRequest.m */ = {isa = PBXFileReference; fileEncoding = 4; lastKnownFileType = sourcecode.c.objc; path = ASIS3ObjectRequest.m; sourceTree = "<group>"; };
		0C57B5161416EF730097CA83 /* ASIS3Request.h */ = {isa = PBXFileReference; fileEncoding = 4; lastKnownFileType = sourcecode.c.h; path = ASIS3Request.h; sourceTree = "<group>"; };
		0C57B5171416EF730097CA83 /* ASIS3Request.m */ = {isa = PBXFileReference; fileEncoding = 4; lastKnownFileType = sourcecode.c.objc; path = ASIS3Request.m; sourceTree = "<group>"; };
		0C57B5181416EF730097CA83 /* ASIS3ServiceRequest.h */ = {isa = PBXFileReference; fileEncoding = 4; lastKnownFileType = sourcecode.c.h; path = ASIS3ServiceRequest.h; sourceTree = "<group>"; };
		0C57B5191416EF730097CA83 /* ASIS3ServiceRequest.m */ = {isa = PBXFileReference; fileEncoding = 4; lastKnownFileType = sourcecode.c.objc; path = ASIS3ServiceRequest.m; sourceTree = "<group>"; };
		0C57B56E1416FA490097CA83 /* MediaPlayer.framework */ = {isa = PBXFileReference; lastKnownFileType = wrapper.framework; name = MediaPlayer.framework; path = System/Library/Frameworks/MediaPlayer.framework; sourceTree = SDKROOT; };
		0C57B58B141701A20097CA83 /* Reachability.h */ = {isa = PBXFileReference; fileEncoding = 4; lastKnownFileType = sourcecode.c.h; path = Reachability.h; sourceTree = "<group>"; };
		0C57B58C141701A20097CA83 /* Reachability.m */ = {isa = PBXFileReference; fileEncoding = 4; lastKnownFileType = sourcecode.c.objc; path = Reachability.m; sourceTree = "<group>"; };
		0C57B58F141701CC0097CA83 /* CFNetwork.framework */ = {isa = PBXFileReference; lastKnownFileType = wrapper.framework; name = CFNetwork.framework; path = System/Library/Frameworks/CFNetwork.framework; sourceTree = SDKROOT; };
		0C57B591141701D90097CA83 /* SystemConfiguration.framework */ = {isa = PBXFileReference; lastKnownFileType = wrapper.framework; name = SystemConfiguration.framework; path = System/Library/Frameworks/SystemConfiguration.framework; sourceTree = SDKROOT; };
		0C57B593141701F50097CA83 /* libz.1.2.3.dylib */ = {isa = PBXFileReference; lastKnownFileType = "compiled.mach-o.dylib"; name = libz.1.2.3.dylib; path = usr/lib/libz.1.2.3.dylib; sourceTree = SDKROOT; };
		0C57B599141720E70097CA83 /* ProgressViewController.h */ = {isa = PBXFileReference; fileEncoding = 4; lastKnownFileType = sourcecode.c.h; path = ProgressViewController.h; sourceTree = "<group>"; };
		0C57B59A141720E70097CA83 /* ProgressViewController.m */ = {isa = PBXFileReference; fileEncoding = 4; lastKnownFileType = sourcecode.c.objc; path = ProgressViewController.m; sourceTree = "<group>"; };
		0C57B59B141720E70097CA83 /* ProgressView.xib */ = {isa = PBXFileReference; fileEncoding = 4; lastKnownFileType = file.xib; name = ProgressView.xib; path = Classes/ProgressView.xib; sourceTree = "<group>"; };
		0CAA2626141A635E006F1C1B /* Default@2x.png */ = {isa = PBXFileReference; lastKnownFileType = image.png; path = "Default@2x.png"; sourceTree = "<group>"; };
		0CAA2629141A6579006F1C1B /* background_retina.png */ = {isa = PBXFileReference; lastKnownFileType = image.png; path = background_retina.png; sourceTree = "<group>"; };
		0CAA262B141A65A5006F1C1B /* background.png */ = {isa = PBXFileReference; lastKnownFileType = image.png; path = background.png; sourceTree = "<group>"; };
		0CEB35431418405800BB171A /* hardnight.png */ = {isa = PBXFileReference; lastKnownFileType = image.png; path = hardnight.png; sourceTree = "<group>"; };
		0CEB35451418408A00BB171A /* hardnightsmall.png */ = {isa = PBXFileReference; lastKnownFileType = image.png; path = hardnightsmall.png; sourceTree = "<group>"; };
		1D30AB110D05D00D00671497 /* Foundation.framework */ = {isa = PBXFileReference; lastKnownFileType = wrapper.framework; name = Foundation.framework; path = System/Library/Frameworks/Foundation.framework; sourceTree = SDKROOT; };
		1D3623240D0F684500981E51 /* hybrebAppDelegate.h */ = {isa = PBXFileReference; fileEncoding = 4; lastKnownFileType = sourcecode.c.h; path = hybrebAppDelegate.h; sourceTree = "<group>"; };
		1D3623250D0F684500981E51 /* hybrebAppDelegate.m */ = {isa = PBXFileReference; fileEncoding = 4; lastKnownFileType = sourcecode.c.objc; path = hybrebAppDelegate.m; sourceTree = "<group>"; };
		1DF5F4DF0D08C38300B7A737 /* UIKit.framework */ = {isa = PBXFileReference; lastKnownFileType = wrapper.framework; name = UIKit.framework; path = System/Library/Frameworks/UIKit.framework; sourceTree = SDKROOT; };
		288765070DF74369002DB57D /* CoreGraphics.framework */ = {isa = PBXFileReference; lastKnownFileType = wrapper.framework; name = CoreGraphics.framework; path = System/Library/Frameworks/CoreGraphics.framework; sourceTree = SDKROOT; };
		28A0AB4B0D9B1048005BE974 /* hartenacht.at_Prefix.pch */ = {isa = PBXFileReference; fileEncoding = 4; lastKnownFileType = sourcecode.c.h; path = hartenacht.at_Prefix.pch; sourceTree = "<group>"; };
		28AD73870D9D96C1002E5188 /* MainWindow.xib */ = {isa = PBXFileReference; lastKnownFileType = file.xib; path = MainWindow.xib; sourceTree = "<group>"; };
		29B97316FDCFA39411CA2CEA /* main.m */ = {isa = PBXFileReference; fileEncoding = 4; lastKnownFileType = sourcecode.c.objc; path = main.m; sourceTree = "<group>"; };
		8D1107310486CEB800E47090 /* hartenacht.at-Info.plist */ = {isa = PBXFileReference; fileEncoding = 4; lastKnownFileType = text.plist.xml; path = "hartenacht.at-Info.plist"; plistStructureDefinitionIdentifier = "com.apple.xcode.plist.structure-definition.iphone.info-plist"; sourceTree = "<group>"; };
/* End PBXFileReference section */

/* Begin PBXFrameworksBuildPhase section */
		1D60588F0D05DD3D006BFB54 /* Frameworks */ = {
			isa = PBXFrameworksBuildPhase;
			buildActionMask = 2147483647;
			files = (
				0C57B594141701F50097CA83 /* libz.1.2.3.dylib in Frameworks */,
				0C57B592141701D90097CA83 /* SystemConfiguration.framework in Frameworks */,
				0C57B590141701CC0097CA83 /* CFNetwork.framework in Frameworks */,
				0C57B56F1416FA490097CA83 /* MediaPlayer.framework in Frameworks */,
				1D60589F0D05DD5A006BFB54 /* Foundation.framework in Frameworks */,
				1DF5F4E00D08C38300B7A737 /* UIKit.framework in Frameworks */,
				288765080DF74369002DB57D /* CoreGraphics.framework in Frameworks */,
				09658CDF1403905E00391CD3 /* MobileCoreServices.framework in Frameworks */,
			);
			runOnlyForDeploymentPostprocessing = 0;
		};
/* End PBXFrameworksBuildPhase section */

/* Begin PBXGroup section */
		080E96DDFE201D6D7F000001 /* Classes */ = {
			isa = PBXGroup;
			children = (
				0C490F41141FB63900515978 /* FBConnect */,
				0C57B55D1416EF7D0097CA83 /* ASIHTTPRequest */,
				09300EC5140513F70003E97E /* SBJson */,
				1D3623240D0F684500981E51 /* hybrebAppDelegate.h */,
				1D3623250D0F684500981E51 /* hybrebAppDelegate.m */,
				09658C911402663F00391CD3 /* RecordViewController.h */,
				09658C921402663F00391CD3 /* RecordViewController.m */,
				09658CB1140380F500391CD3 /* ListViewController.h */,
				09658CB2140380F500391CD3 /* ListViewController.m */,
				0C57B599141720E70097CA83 /* ProgressViewController.h */,
				0C57B59A141720E70097CA83 /* ProgressViewController.m */,
			);
			path = Classes;
			sourceTree = "<group>";
		};
		09300EC5140513F70003E97E /* SBJson */ = {
			isa = PBXGroup;
			children = (
				09300E9E140513EF0003E97E /* JSON.h */,
				09300E9F140513EF0003E97E /* NSObject+SBJson.h */,
				09300EA0140513EF0003E97E /* NSObject+SBJson.m */,
				09300EA1140513EF0003E97E /* SBJson.h */,
				09300EA2140513EF0003E97E /* SBJsonParser.h */,
				09300EA3140513EF0003E97E /* SBJsonParser.m */,
				09300EA4140513EF0003E97E /* SBJsonStreamParser.h */,
				09300EA5140513EF0003E97E /* SBJsonStreamParser.m */,
				09300EA6140513EF0003E97E /* SBJsonStreamParserAccumulator.h */,
				09300EA7140513EF0003E97E /* SBJsonStreamParserAccumulator.m */,
				09300EA8140513EF0003E97E /* SBJsonStreamParserAdapter.h */,
				09300EA9140513EF0003E97E /* SBJsonStreamParserAdapter.m */,
				09300EAA140513EF0003E97E /* SBJsonStreamParserState.h */,
				09300EAB140513EF0003E97E /* SBJsonStreamParserState.m */,
				09300EAC140513EF0003E97E /* SBJsonStreamWriter.h */,
				09300EAD140513EF0003E97E /* SBJsonStreamWriter.m */,
				09300EAE140513EF0003E97E /* SBJsonStreamWriterAccumulator.h */,
				09300EAF140513EF0003E97E /* SBJsonStreamWriterAccumulator.m */,
				09300EB0140513EF0003E97E /* SBJsonStreamWriterState.h */,
				09300EB1140513EF0003E97E /* SBJsonStreamWriterState.m */,
				09300EB2140513EF0003E97E /* SBJsonTokeniser.h */,
				09300EB3140513EF0003E97E /* SBJsonTokeniser.m */,
				09300EB4140513EF0003E97E /* SBJsonUTF8Stream.h */,
				09300EB5140513EF0003E97E /* SBJsonUTF8Stream.m */,
				09300EB6140513EF0003E97E /* SBJsonWriter.h */,
				09300EB7140513EF0003E97E /* SBJsonWriter.m */,
			);
			name = SBJson;
			sourceTree = "<group>";
		};
		09658CCD1403881B00391CD3 /* Images */ = {
			isa = PBXGroup;
			children = (
				0CAA262B141A65A5006F1C1B /* background.png */,
				0CAA2629141A6579006F1C1B /* background_retina.png */,
				0CEB35431418405800BB171A /* hardnight.png */,
				0CEB35451418408A00BB171A /* hardnightsmall.png */,
				09658D2D1403B13100391CD3 /* Monitor.png */,
				09658D2B1403A6F000391CD3 /* Film-Roll.png */,
				09658CD414038B5600391CD3 /* Default.png */,
				0CAA2626141A635E006F1C1B /* Default@2x.png */,
			);
			name = Images;
			sourceTree = "<group>";
		};
		0C490F41141FB63900515978 /* FBConnect */ = {
			isa = PBXGroup;
			children = (
				0C490F32141FB63500515978 /* Facebook.h */,
				0C490F33141FB63500515978 /* Facebook.m */,
				0C490F34141FB63500515978 /* FBConnect.h */,
				0C490F35141FB63500515978 /* FBDialog.bundle */,
				0C490F36141FB63500515978 /* FBDialog.h */,
				0C490F37141FB63500515978 /* FBDialog.m */,
				0C490F38141FB63500515978 /* FBLoginDialog.h */,
				0C490F39141FB63500515978 /* FBLoginDialog.m */,
				0C490F3A141FB63500515978 /* FBRequest.h */,
				0C490F3B141FB63500515978 /* FBRequest.m */,
			);
			name = FBConnect;
			sourceTree = "<group>";
		};
		0C57B4FA1416EF730097CA83 /* ASIWebPageRequest */ = {
			isa = PBXGroup;
			children = (
				0C57B4FB1416EF730097CA83 /* ASIWebPageRequest.h */,
				0C57B4FC1416EF730097CA83 /* ASIWebPageRequest.m */,
			);
			path = ASIWebPageRequest;
			sourceTree = "<group>";
		};
		0C57B4FD1416EF730097CA83 /* CloudFiles */ = {
			isa = PBXGroup;
			children = (
				0C57B4FE1416EF730097CA83 /* ASICloudFilesCDNRequest.h */,
				0C57B4FF1416EF730097CA83 /* ASICloudFilesCDNRequest.m */,
				0C57B5001416EF730097CA83 /* ASICloudFilesContainer.h */,
				0C57B5011416EF730097CA83 /* ASICloudFilesContainer.m */,
				0C57B5021416EF730097CA83 /* ASICloudFilesContainerRequest.h */,
				0C57B5031416EF730097CA83 /* ASICloudFilesContainerRequest.m */,
				0C57B5041416EF730097CA83 /* ASICloudFilesContainerXMLParserDelegate.h */,
				0C57B5051416EF730097CA83 /* ASICloudFilesContainerXMLParserDelegate.m */,
				0C57B5061416EF730097CA83 /* ASICloudFilesObject.h */,
				0C57B5071416EF730097CA83 /* ASICloudFilesObject.m */,
				0C57B5081416EF730097CA83 /* ASICloudFilesObjectRequest.h */,
				0C57B5091416EF730097CA83 /* ASICloudFilesObjectRequest.m */,
				0C57B50A1416EF730097CA83 /* ASICloudFilesRequest.h */,
				0C57B50B1416EF730097CA83 /* ASICloudFilesRequest.m */,
			);
			path = CloudFiles;
			sourceTree = "<group>";
		};
		0C57B50C1416EF730097CA83 /* S3 */ = {
			isa = PBXGroup;
			children = (
				0C57B50D1416EF730097CA83 /* ASINSXMLParserCompat.h */,
				0C57B50E1416EF730097CA83 /* ASIS3Bucket.h */,
				0C57B50F1416EF730097CA83 /* ASIS3Bucket.m */,
				0C57B5101416EF730097CA83 /* ASIS3BucketObject.h */,
				0C57B5111416EF730097CA83 /* ASIS3BucketObject.m */,
				0C57B5121416EF730097CA83 /* ASIS3BucketRequest.h */,
				0C57B5131416EF730097CA83 /* ASIS3BucketRequest.m */,
				0C57B5141416EF730097CA83 /* ASIS3ObjectRequest.h */,
				0C57B5151416EF730097CA83 /* ASIS3ObjectRequest.m */,
				0C57B5161416EF730097CA83 /* ASIS3Request.h */,
				0C57B5171416EF730097CA83 /* ASIS3Request.m */,
				0C57B5181416EF730097CA83 /* ASIS3ServiceRequest.h */,
				0C57B5191416EF730097CA83 /* ASIS3ServiceRequest.m */,
			);
			path = S3;
			sourceTree = "<group>";
		};
		0C57B55D1416EF7D0097CA83 /* ASIHTTPRequest */ = {
			isa = PBXGroup;
			children = (
				0C57B4E61416EF720097CA83 /* ASIAuthenticationDialog.h */,
				0C57B4E71416EF720097CA83 /* ASIAuthenticationDialog.m */,
				0C57B4E81416EF720097CA83 /* ASICacheDelegate.h */,
				0C57B4E91416EF720097CA83 /* ASIDataCompressor.h */,
				0C57B4EA1416EF720097CA83 /* ASIDataCompressor.m */,
				0C57B4EB1416EF720097CA83 /* ASIDataDecompressor.h */,
				0C57B4EC1416EF720097CA83 /* ASIDataDecompressor.m */,
				0C57B4ED1416EF720097CA83 /* ASIDownloadCache.h */,
				0C57B4EE1416EF720097CA83 /* ASIDownloadCache.m */,
				0C57B4EF1416EF720097CA83 /* ASIFormDataRequest.h */,
				0C57B4F01416EF720097CA83 /* ASIFormDataRequest.m */,
				0C57B4F11416EF720097CA83 /* ASIHTTPRequest.h */,
				0C57B4F21416EF720097CA83 /* ASIHTTPRequest.m */,
				0C57B4F31416EF720097CA83 /* ASIHTTPRequestConfig.h */,
				0C57B4F41416EF720097CA83 /* ASIHTTPRequestDelegate.h */,
				0C57B4F51416EF720097CA83 /* ASIInputStream.h */,
				0C57B4F61416EF720097CA83 /* ASIInputStream.m */,
				0C57B4F71416EF720097CA83 /* ASINetworkQueue.h */,
				0C57B4F81416EF720097CA83 /* ASINetworkQueue.m */,
				0C57B4F91416EF730097CA83 /* ASIProgressDelegate.h */,
				0C57B58A141701A20097CA83 /* Reachability */,
				0C57B4FA1416EF730097CA83 /* ASIWebPageRequest */,
				0C57B4FD1416EF730097CA83 /* CloudFiles */,
				0C57B50C1416EF730097CA83 /* S3 */,
			);
			name = ASIHTTPRequest;
			sourceTree = "<group>";
		};
		0C57B58A141701A20097CA83 /* Reachability */ = {
			isa = PBXGroup;
			children = (
				0C57B58B141701A20097CA83 /* Reachability.h */,
				0C57B58C141701A20097CA83 /* Reachability.m */,
			);
			path = Reachability;
			sourceTree = "<group>";
		};
		19C28FACFE9D520D11CA2CBB /* Products */ = {
			isa = PBXGroup;
			children = (
				09275A971424A8EB004FEA6A /* hartenacht.at.app */,
			);
			name = Products;
			sourceTree = "<group>";
		};
		29B97314FDCFA39411CA2CEA /* hybreb */ = {
			isa = PBXGroup;
			children = (
				080E96DDFE201D6D7F000001 /* Classes */,
				29B97315FDCFA39411CA2CEA /* Other Sources */,
				29B97317FDCFA39411CA2CEA /* Resources */,
				29B97323FDCFA39411CA2CEA /* Frameworks */,
				19C28FACFE9D520D11CA2CBB /* Products */,
				09658CDE1403905E00391CD3 /* MobileCoreServices.framework */,
			);
			name = hybreb;
			sourceTree = "<group>";
		};
		29B97315FDCFA39411CA2CEA /* Other Sources */ = {
			isa = PBXGroup;
			children = (
				28A0AB4B0D9B1048005BE974 /* hartenacht.at_Prefix.pch */,
				29B97316FDCFA39411CA2CEA /* main.m */,
			);
			name = "Other Sources";
			sourceTree = "<group>";
		};
		29B97317FDCFA39411CA2CEA /* Resources */ = {
			isa = PBXGroup;
			children = (
				0C57B59B141720E70097CA83 /* ProgressView.xib */,
				09658C931402663F00391CD3 /* RecordView.xib */,
				09658CB3140380F500391CD3 /* ListView.xib */,
				28AD73870D9D96C1002E5188 /* MainWindow.xib */,
				09658CCD1403881B00391CD3 /* Images */,
				8D1107310486CEB800E47090 /* hartenacht.at-Info.plist */,
			);
			name = Resources;
			sourceTree = "<group>";
		};
		29B97323FDCFA39411CA2CEA /* Frameworks */ = {
			isa = PBXGroup;
			children = (
				0C57B593141701F50097CA83 /* libz.1.2.3.dylib */,
				0C57B591141701D90097CA83 /* SystemConfiguration.framework */,
				0C57B58F141701CC0097CA83 /* CFNetwork.framework */,
				0C57B56E1416FA490097CA83 /* MediaPlayer.framework */,
				1DF5F4DF0D08C38300B7A737 /* UIKit.framework */,
				1D30AB110D05D00D00671497 /* Foundation.framework */,
				288765070DF74369002DB57D /* CoreGraphics.framework */,
			);
			name = Frameworks;
			sourceTree = "<group>";
		};
/* End PBXGroup section */

/* Begin PBXNativeTarget section */
		1D6058900D05DD3D006BFB54 /* hartenacht.at */ = {
			isa = PBXNativeTarget;
			buildConfigurationList = 1D6058960D05DD3E006BFB54 /* Build configuration list for PBXNativeTarget "hartenacht.at" */;
			buildPhases = (
				1D60588D0D05DD3D006BFB54 /* Resources */,
				1D60588E0D05DD3D006BFB54 /* Sources */,
				1D60588F0D05DD3D006BFB54 /* Frameworks */,
			);
			buildRules = (
			);
			dependencies = (
			);
			name = hartenacht.at;
			productName = hybreb;
			productReference = 09275A971424A8EB004FEA6A /* hartenacht.at.app */;
			productType = "com.apple.product-type.application";
		};
/* End PBXNativeTarget section */

/* Begin PBXProject section */
		29B97313FDCFA39411CA2CEA /* Project object */ = {
			isa = PBXProject;
			buildConfigurationList = C01FCF4E08A954540054247B /* Build configuration list for PBXProject "hartenacht.at" */;
			compatibilityVersion = "Xcode 3.2";
			developmentRegion = English;
			hasScannedForEncodings = 1;
			knownRegions = (
				English,
				Japanese,
				French,
				German,
			);
			mainGroup = 29B97314FDCFA39411CA2CEA /* hybreb */;
			projectDirPath = "";
			projectRoot = "";
			targets = (
				1D6058900D05DD3D006BFB54 /* hartenacht.at */,
			);
		};
/* End PBXProject section */

/* Begin PBXResourcesBuildPhase section */
		1D60588D0D05DD3D006BFB54 /* Resources */ = {
			isa = PBXResourcesBuildPhase;
			buildActionMask = 2147483647;
			files = (
				28AD73880D9D96C1002E5188 /* MainWindow.xib in Resources */,
				09658C951402663F00391CD3 /* RecordView.xib in Resources */,
				09658CB5140380F500391CD3 /* ListView.xib in Resources */,
				09658D2C1403A6F000391CD3 /* Film-Roll.png in Resources */,
				09658D2E1403B13100391CD3 /* Monitor.png in Resources */,
				0C57B59D141720E70097CA83 /* ProgressView.xib in Resources */,
				0CEB35441418405800BB171A /* hardnight.png in Resources */,
				0CEB35461418408A00BB171A /* hardnightsmall.png in Resources */,
				0CAA2627141A635E006F1C1B /* Default@2x.png in Resources */,
				0CAA2628141A6365006F1C1B /* Default.png in Resources */,
				0CAA262A141A6579006F1C1B /* background_retina.png in Resources */,
				0CAA262C141A65A5006F1C1B /* background.png in Resources */,
				0C490F3D141FB63500515978 /* FBDialog.bundle in Resources */,
			);
			runOnlyForDeploymentPostprocessing = 0;
		};
/* End PBXResourcesBuildPhase section */

/* Begin PBXSourcesBuildPhase section */
		1D60588E0D05DD3D006BFB54 /* Sources */ = {
			isa = PBXSourcesBuildPhase;
			buildActionMask = 2147483647;
			files = (
				1D60589B0D05DD56006BFB54 /* main.m in Sources */,
				1D3623260D0F684500981E51 /* hybrebAppDelegate.m in Sources */,
				09658C941402663F00391CD3 /* RecordViewController.m in Sources */,
				09658CB4140380F500391CD3 /* ListViewController.m in Sources */,
				09300EB8140513EF0003E97E /* NSObject+SBJson.m in Sources */,
				09300EB9140513EF0003E97E /* SBJsonParser.m in Sources */,
				09300EBA140513EF0003E97E /* SBJsonStreamParser.m in Sources */,
				09300EBB140513EF0003E97E /* SBJsonStreamParserAccumulator.m in Sources */,
				09300EBC140513EF0003E97E /* SBJsonStreamParserAdapter.m in Sources */,
				09300EBD140513EF0003E97E /* SBJsonStreamParserState.m in Sources */,
				09300EBE140513EF0003E97E /* SBJsonStreamWriter.m in Sources */,
				09300EBF140513EF0003E97E /* SBJsonStreamWriterAccumulator.m in Sources */,
				09300EC0140513EF0003E97E /* SBJsonStreamWriterState.m in Sources */,
				09300EC1140513EF0003E97E /* SBJsonTokeniser.m in Sources */,
				09300EC2140513EF0003E97E /* SBJsonUTF8Stream.m in Sources */,
				09300EC3140513EF0003E97E /* SBJsonWriter.m in Sources */,
				0C57B5381416EF730097CA83 /* ASIAuthenticationDialog.m in Sources */,
				0C57B5391416EF730097CA83 /* ASIDataCompressor.m in Sources */,
				0C57B53A1416EF730097CA83 /* ASIDataDecompressor.m in Sources */,
				0C57B53B1416EF730097CA83 /* ASIDownloadCache.m in Sources */,
				0C57B53C1416EF730097CA83 /* ASIFormDataRequest.m in Sources */,
				0C57B53D1416EF730097CA83 /* ASIHTTPRequest.m in Sources */,
				0C57B53E1416EF730097CA83 /* ASIInputStream.m in Sources */,
				0C57B53F1416EF730097CA83 /* ASINetworkQueue.m in Sources */,
				0C57B5401416EF730097CA83 /* ASIWebPageRequest.m in Sources */,
				0C57B5411416EF730097CA83 /* ASICloudFilesCDNRequest.m in Sources */,
				0C57B5421416EF730097CA83 /* ASICloudFilesContainer.m in Sources */,
				0C57B5431416EF730097CA83 /* ASICloudFilesContainerRequest.m in Sources */,
				0C57B5441416EF730097CA83 /* ASICloudFilesContainerXMLParserDelegate.m in Sources */,
				0C57B5451416EF730097CA83 /* ASICloudFilesObject.m in Sources */,
				0C57B5461416EF730097CA83 /* ASICloudFilesObjectRequest.m in Sources */,
				0C57B5471416EF730097CA83 /* ASICloudFilesRequest.m in Sources */,
				0C57B5481416EF730097CA83 /* ASIS3Bucket.m in Sources */,
				0C57B5491416EF730097CA83 /* ASIS3BucketObject.m in Sources */,
				0C57B54A1416EF730097CA83 /* ASIS3BucketRequest.m in Sources */,
				0C57B54B1416EF730097CA83 /* ASIS3ObjectRequest.m in Sources */,
				0C57B54C1416EF730097CA83 /* ASIS3Request.m in Sources */,
				0C57B54D1416EF730097CA83 /* ASIS3ServiceRequest.m in Sources */,
				0C57B58D141701A20097CA83 /* Reachability.m in Sources */,
				0C57B59C141720E70097CA83 /* ProgressViewController.m in Sources */,
				0C490F3C141FB63500515978 /* Facebook.m in Sources */,
				0C490F3E141FB63500515978 /* FBDialog.m in Sources */,
				0C490F3F141FB63500515978 /* FBLoginDialog.m in Sources */,
				0C490F40141FB63500515978 /* FBRequest.m in Sources */,
			);
			runOnlyForDeploymentPostprocessing = 0;
		};
/* End PBXSourcesBuildPhase section */

/* Begin XCBuildConfiguration section */
		1D6058940D05DD3E006BFB54 /* Debug */ = {
			isa = XCBuildConfiguration;
			buildSettings = {
				ALWAYS_SEARCH_USER_PATHS = NO;
				CODE_SIGN_IDENTITY = "iPhone Developer: Karl Lahmer (4EAVB6M94L)";
				"CODE_SIGN_IDENTITY[sdk=iphoneos*]" = "iPhone Developer";
				COPY_PHASE_STRIP = NO;
				GCC_DYNAMIC_NO_PIC = NO;
				GCC_OPTIMIZATION_LEVEL = 0;
				GCC_PRECOMPILE_PREFIX_HEADER = YES;
				GCC_PREFIX_HEADER = hartenacht.at_Prefix.pch;
				HEADER_SEARCH_PATHS = "${SDKROOT}/usr/include/libxml2";
				INFOPLIST_FILE = "hartenacht.at-Info.plist";
				IPHONEOS_DEPLOYMENT_TARGET = 4.2;
				OTHER_LDFLAGS = "-lxml2";
				PRODUCT_NAME = hartenacht.at;
				PROVISIONING_PROFILE = "583C0CC4-EA0D-4461-9421-1449E93A7E09";
				"PROVISIONING_PROFILE[sdk=iphoneos*]" = "";
			};
			name = Debug;
		};
		1D6058950D05DD3E006BFB54 /* Release */ = {
			isa = XCBuildConfiguration;
			buildSettings = {
				ALWAYS_SEARCH_USER_PATHS = NO;
				CODE_SIGN_IDENTITY = "iPhone Developer: Karl Lahmer (4EAVB6M94L)";
				COPY_PHASE_STRIP = YES;
				GCC_PRECOMPILE_PREFIX_HEADER = YES;
				GCC_PREFIX_HEADER = hartenacht.at_Prefix.pch;
				HEADER_SEARCH_PATHS = "${SDKROOT}/usr/include/libxml2";
				INFOPLIST_FILE = "hartenacht.at-Info.plist";
				IPHONEOS_DEPLOYMENT_TARGET = 4.2;
				OTHER_LDFLAGS = "-lxml2";
				PRODUCT_NAME = hartenacht.at;
				PROVISIONING_PROFILE = "583C0CC4-EA0D-4461-9421-1449E93A7E09";
				VALIDATE_PRODUCT = YES;
			};
			name = Release;
		};
		C01FCF4F08A954540054247B /* Debug */ = {
			isa = XCBuildConfiguration;
			buildSettings = {
				ARCHS = "$(ARCHS_STANDARD_32_BIT)";
				"CODE_SIGN_IDENTITY[sdk=iphoneos*]" = "iPhone Developer";
				GCC_C_LANGUAGE_STANDARD = c99;
				GCC_WARN_ABOUT_RETURN_TYPE = YES;
				GCC_WARN_UNUSED_VARIABLE = YES;
				PREBINDING = NO;
				SDKROOT = iphoneos;
			};
			name = Debug;
		};
		C01FCF5008A954540054247B /* Release */ = {
			isa = XCBuildConfiguration;
			buildSettings = {
				ARCHS = "$(ARCHS_STANDARD_32_BIT)";
				"CODE_SIGN_IDENTITY[sdk=iphoneos*]" = "iPhone Developer";
				GCC_C_LANGUAGE_STANDARD = c99;
				GCC_WARN_ABOUT_RETURN_TYPE = YES;
				GCC_WARN_UNUSED_VARIABLE = YES;
				OTHER_CFLAGS = "-DNS_BLOCK_ASSERTIONS=1";
				PREBINDING = NO;
				SDKROOT = iphoneos;
			};
			name = Release;
		};
/* End XCBuildConfiguration section */

/* Begin XCConfigurationList section */
		1D6058960D05DD3E006BFB54 /* Build configuration list for PBXNativeTarget "hartenacht.at" */ = {
			isa = XCConfigurationList;
			buildConfigurations = (
				1D6058940D05DD3E006BFB54 /* Debug */,
				1D6058950D05DD3E006BFB54 /* Release */,
			);
			defaultConfigurationIsVisible = 0;
			defaultConfigurationName = Release;
		};
		C01FCF4E08A954540054247B /* Build configuration list for PBXProject "hartenacht.at" */ = {
			isa = XCConfigurationList;
			buildConfigurations = (
				C01FCF4F08A954540054247B /* Debug */,
				C01FCF5008A954540054247B /* Release */,
			);
			defaultConfigurationIsVisible = 0;
			defaultConfigurationName = Release;
		};
/* End XCConfigurationList section */
	};
	rootObject = 29B97313FDCFA39411CA2CEA /* Project object */;
}
